// !$*UTF8*$!
{
	archiveVersion = 1;
	classes = {
	};
	objectVersion = 50;
	objects = {

/* Begin PBXBuildFile section */
		4D701B522463BF9100CFB314 /* AppDelegate.swift in Sources */ = {isa = PBXBuildFile; fileRef = 4D701B512463BF9100CFB314 /* AppDelegate.swift */; };
		4D701B542463BF9100CFB314 /* SceneDelegate.swift in Sources */ = {isa = PBXBuildFile; fileRef = 4D701B532463BF9100CFB314 /* SceneDelegate.swift */; };
		4D701B5B2463BF9300CFB314 /* Assets.xcassets in Resources */ = {isa = PBXBuildFile; fileRef = 4D701B5A2463BF9300CFB314 /* Assets.xcassets */; };
		4D701B5E2463BF9300CFB314 /* LaunchScreen.storyboard in Resources */ = {isa = PBXBuildFile; fileRef = 4D701B5C2463BF9300CFB314 /* LaunchScreen.storyboard */; };
		4D701B692463BF9300CFB314 /* Frame_ioTests.swift in Sources */ = {isa = PBXBuildFile; fileRef = 4D701B682463BF9300CFB314 /* Frame_ioTests.swift */; };
		4D701B742463BF9300CFB314 /* Frame_ioUITests.swift in Sources */ = {isa = PBXBuildFile; fileRef = 4D701B732463BF9300CFB314 /* Frame_ioUITests.swift */; };
		4D701B8D2463C35A00CFB314 /* ProjectServices.swift in Sources */ = {isa = PBXBuildFile; fileRef = 4D701B882463C35A00CFB314 /* ProjectServices.swift */; };
		4D701B8E2463C35A00CFB314 /* ProjectsAPI.swift in Sources */ = {isa = PBXBuildFile; fileRef = 4D701B892463C35A00CFB314 /* ProjectsAPI.swift */; };
		4D701B8F2463C35A00CFB314 /* APILoader.swift in Sources */ = {isa = PBXBuildFile; fileRef = 4D701B8A2463C35A00CFB314 /* APILoader.swift */; };
		4D701B902463C35A00CFB314 /* APIHandler.swift in Sources */ = {isa = PBXBuildFile; fileRef = 4D701B8B2463C35A00CFB314 /* APIHandler.swift */; };
		4D701B912463C35A00CFB314 /* ServiceConstants.swift in Sources */ = {isa = PBXBuildFile; fileRef = 4D701B8C2463C35A00CFB314 /* ServiceConstants.swift */; };
		4D701B932463CBA800CFB314 /* ProjectBusiness.swift in Sources */ = {isa = PBXBuildFile; fileRef = 4D701B922463CBA800CFB314 /* ProjectBusiness.swift */; };
		4D701B9A2463CC0000CFB314 /* ProjectsViewController.swift in Sources */ = {isa = PBXBuildFile; fileRef = 4D701B952463CBFF00CFB314 /* ProjectsViewController.swift */; };
		4D701B9B2463CC0000CFB314 /* ProjectsContract.swift in Sources */ = {isa = PBXBuildFile; fileRef = 4D701B962463CBFF00CFB314 /* ProjectsContract.swift */; };
		4D701B9C2463CC0000CFB314 /* ProjectsInteractor.swift in Sources */ = {isa = PBXBuildFile; fileRef = 4D701B972463CBFF00CFB314 /* ProjectsInteractor.swift */; };
		4D701B9D2463CC0000CFB314 /* ProjectsPresenter.swift in Sources */ = {isa = PBXBuildFile; fileRef = 4D701B982463CBFF00CFB314 /* ProjectsPresenter.swift */; };
		4D701B9E2463CC0000CFB314 /* ProjectsRouter.swift in Sources */ = {isa = PBXBuildFile; fileRef = 4D701B992463CC0000CFB314 /* ProjectsRouter.swift */; };
		4D701BA02463D04700CFB314 /* ProjectTableViewCell.swift in Sources */ = {isa = PBXBuildFile; fileRef = 4D701B9F2463D04700CFB314 /* ProjectTableViewCell.swift */; };
		4D701BA2246447FF00CFB314 /* Project.swift in Sources */ = {isa = PBXBuildFile; fileRef = 4D701BA1246447FF00CFB314 /* Project.swift */; };
		4D701BA524645BA100CFB314 /* Reachability.swift in Sources */ = {isa = PBXBuildFile; fileRef = 4D701BA324645BA100CFB314 /* Reachability.swift */; };
		4D701BA624645BA100CFB314 /* AppHelper.swift in Sources */ = {isa = PBXBuildFile; fileRef = 4D701BA424645BA100CFB314 /* AppHelper.swift */; };
		4D701BA824645BAD00CFB314 /* ServiceError.swift in Sources */ = {isa = PBXBuildFile; fileRef = 4D701BA724645BAD00CFB314 /* ServiceError.swift */; };
		4D701BAA2464781900CFB314 /* Main.storyboard in Resources */ = {isa = PBXBuildFile; fileRef = 4D701BA92464781900CFB314 /* Main.storyboard */; };
		4D701BAC24647BFD00CFB314 /* extension.swift in Sources */ = {isa = PBXBuildFile; fileRef = 4D701BAB24647BFD00CFB314 /* extension.swift */; };
/* End PBXBuildFile section */

/* Begin PBXContainerItemProxy section */
		4D701B652463BF9300CFB314 /* PBXContainerItemProxy */ = {
			isa = PBXContainerItemProxy;
			containerPortal = 4D701B462463BF9100CFB314 /* Project object */;
			proxyType = 1;
			remoteGlobalIDString = 4D701B4D2463BF9100CFB314;
			remoteInfo = Frame.io;
		};
		4D701B702463BF9300CFB314 /* PBXContainerItemProxy */ = {
			isa = PBXContainerItemProxy;
			containerPortal = 4D701B462463BF9100CFB314 /* Project object */;
			proxyType = 1;
			remoteGlobalIDString = 4D701B4D2463BF9100CFB314;
			remoteInfo = Frame.io;
		};
/* End PBXContainerItemProxy section */

/* Begin PBXFileReference section */
		4D701B4E2463BF9100CFB314 /* Frame.io.app */ = {isa = PBXFileReference; explicitFileType = wrapper.application; includeInIndex = 0; path = Frame.io.app; sourceTree = BUILT_PRODUCTS_DIR; };
		4D701B512463BF9100CFB314 /* AppDelegate.swift */ = {isa = PBXFileReference; lastKnownFileType = sourcecode.swift; path = AppDelegate.swift; sourceTree = "<group>"; };
		4D701B532463BF9100CFB314 /* SceneDelegate.swift */ = {isa = PBXFileReference; lastKnownFileType = sourcecode.swift; path = SceneDelegate.swift; sourceTree = "<group>"; };
		4D701B5A2463BF9300CFB314 /* Assets.xcassets */ = {isa = PBXFileReference; lastKnownFileType = folder.assetcatalog; path = Assets.xcassets; sourceTree = "<group>"; };
		4D701B5D2463BF9300CFB314 /* Base */ = {isa = PBXFileReference; lastKnownFileType = file.storyboard; name = Base; path = Base.lproj/LaunchScreen.storyboard; sourceTree = "<group>"; };
		4D701B5F2463BF9300CFB314 /* Info.plist */ = {isa = PBXFileReference; lastKnownFileType = text.plist.xml; path = Info.plist; sourceTree = "<group>"; };
		4D701B642463BF9300CFB314 /* Frame.ioTests.xctest */ = {isa = PBXFileReference; explicitFileType = wrapper.cfbundle; includeInIndex = 0; path = Frame.ioTests.xctest; sourceTree = BUILT_PRODUCTS_DIR; };
		4D701B682463BF9300CFB314 /* Frame_ioTests.swift */ = {isa = PBXFileReference; lastKnownFileType = sourcecode.swift; path = Frame_ioTests.swift; sourceTree = "<group>"; };
		4D701B6A2463BF9300CFB314 /* Info.plist */ = {isa = PBXFileReference; lastKnownFileType = text.plist.xml; path = Info.plist; sourceTree = "<group>"; };
		4D701B6F2463BF9300CFB314 /* Frame.ioUITests.xctest */ = {isa = PBXFileReference; explicitFileType = wrapper.cfbundle; includeInIndex = 0; path = Frame.ioUITests.xctest; sourceTree = BUILT_PRODUCTS_DIR; };
		4D701B732463BF9300CFB314 /* Frame_ioUITests.swift */ = {isa = PBXFileReference; lastKnownFileType = sourcecode.swift; path = Frame_ioUITests.swift; sourceTree = "<group>"; };
		4D701B752463BF9300CFB314 /* Info.plist */ = {isa = PBXFileReference; lastKnownFileType = text.plist.xml; path = Info.plist; sourceTree = "<group>"; };
		4D701B882463C35A00CFB314 /* ProjectServices.swift */ = {isa = PBXFileReference; fileEncoding = 4; lastKnownFileType = sourcecode.swift; path = ProjectServices.swift; sourceTree = "<group>"; };
		4D701B892463C35A00CFB314 /* ProjectsAPI.swift */ = {isa = PBXFileReference; fileEncoding = 4; lastKnownFileType = sourcecode.swift; path = ProjectsAPI.swift; sourceTree = "<group>"; };
		4D701B8A2463C35A00CFB314 /* APILoader.swift */ = {isa = PBXFileReference; fileEncoding = 4; lastKnownFileType = sourcecode.swift; path = APILoader.swift; sourceTree = "<group>"; };
		4D701B8B2463C35A00CFB314 /* APIHandler.swift */ = {isa = PBXFileReference; fileEncoding = 4; lastKnownFileType = sourcecode.swift; path = APIHandler.swift; sourceTree = "<group>"; };
		4D701B8C2463C35A00CFB314 /* ServiceConstants.swift */ = {isa = PBXFileReference; fileEncoding = 4; lastKnownFileType = sourcecode.swift; path = ServiceConstants.swift; sourceTree = "<group>"; };
		4D701B922463CBA800CFB314 /* ProjectBusiness.swift */ = {isa = PBXFileReference; fileEncoding = 4; lastKnownFileType = sourcecode.swift; path = ProjectBusiness.swift; sourceTree = "<group>"; };
		4D701B952463CBFF00CFB314 /* ProjectsViewController.swift */ = {isa = PBXFileReference; fileEncoding = 4; lastKnownFileType = sourcecode.swift; path = ProjectsViewController.swift; sourceTree = "<group>"; };
		4D701B962463CBFF00CFB314 /* ProjectsContract.swift */ = {isa = PBXFileReference; fileEncoding = 4; lastKnownFileType = sourcecode.swift; path = ProjectsContract.swift; sourceTree = "<group>"; };
		4D701B972463CBFF00CFB314 /* ProjectsInteractor.swift */ = {isa = PBXFileReference; fileEncoding = 4; lastKnownFileType = sourcecode.swift; path = ProjectsInteractor.swift; sourceTree = "<group>"; };
		4D701B982463CBFF00CFB314 /* ProjectsPresenter.swift */ = {isa = PBXFileReference; fileEncoding = 4; lastKnownFileType = sourcecode.swift; path = ProjectsPresenter.swift; sourceTree = "<group>"; };
		4D701B992463CC0000CFB314 /* ProjectsRouter.swift */ = {isa = PBXFileReference; fileEncoding = 4; lastKnownFileType = sourcecode.swift; path = ProjectsRouter.swift; sourceTree = "<group>"; };
		4D701B9F2463D04700CFB314 /* ProjectTableViewCell.swift */ = {isa = PBXFileReference; fileEncoding = 4; lastKnownFileType = sourcecode.swift; path = ProjectTableViewCell.swift; sourceTree = "<group>"; };
		4D701BA1246447FF00CFB314 /* Project.swift */ = {isa = PBXFileReference; lastKnownFileType = sourcecode.swift; path = Project.swift; sourceTree = "<group>"; };
		4D701BA324645BA100CFB314 /* Reachability.swift */ = {isa = PBXFileReference; fileEncoding = 4; lastKnownFileType = sourcecode.swift; path = Reachability.swift; sourceTree = "<group>"; };
		4D701BA424645BA100CFB314 /* AppHelper.swift */ = {isa = PBXFileReference; fileEncoding = 4; lastKnownFileType = sourcecode.swift; path = AppHelper.swift; sourceTree = "<group>"; };
		4D701BA724645BAD00CFB314 /* ServiceError.swift */ = {isa = PBXFileReference; fileEncoding = 4; lastKnownFileType = sourcecode.swift; path = ServiceError.swift; sourceTree = "<group>"; };
		4D701BA92464781900CFB314 /* Main.storyboard */ = {isa = PBXFileReference; fileEncoding = 4; lastKnownFileType = file.storyboard; path = Main.storyboard; sourceTree = "<group>"; };
		4D701BAB24647BFD00CFB314 /* extension.swift */ = {isa = PBXFileReference; lastKnownFileType = sourcecode.swift; path = extension.swift; sourceTree = "<group>"; };
/* End PBXFileReference section */

/* Begin PBXFrameworksBuildPhase section */
		4D701B4B2463BF9100CFB314 /* Frameworks */ = {
			isa = PBXFrameworksBuildPhase;
			buildActionMask = 2147483647;
			files = (
			);
			runOnlyForDeploymentPostprocessing = 0;
		};
		4D701B612463BF9300CFB314 /* Frameworks */ = {
			isa = PBXFrameworksBuildPhase;
			buildActionMask = 2147483647;
			files = (
			);
			runOnlyForDeploymentPostprocessing = 0;
		};
		4D701B6C2463BF9300CFB314 /* Frameworks */ = {
			isa = PBXFrameworksBuildPhase;
			buildActionMask = 2147483647;
			files = (
			);
			runOnlyForDeploymentPostprocessing = 0;
		};
/* End PBXFrameworksBuildPhase section */

/* Begin PBXGroup section */
		4D701B452463BF9100CFB314 = {
			isa = PBXGroup;
			children = (
				4D701B502463BF9100CFB314 /* Frame.io */,
				4D701B672463BF9300CFB314 /* Frame.ioTests */,
				4D701B722463BF9300CFB314 /* Frame.ioUITests */,
				4D701B4F2463BF9100CFB314 /* Products */,
			);
			sourceTree = "<group>";
		};
		4D701B4F2463BF9100CFB314 /* Products */ = {
			isa = PBXGroup;
			children = (
				4D701B4E2463BF9100CFB314 /* Frame.io.app */,
				4D701B642463BF9300CFB314 /* Frame.ioTests.xctest */,
				4D701B6F2463BF9300CFB314 /* Frame.ioUITests.xctest */,
			);
			name = Products;
			sourceTree = "<group>";
		};
		4D701B502463BF9100CFB314 /* Frame.io */ = {
			isa = PBXGroup;
			children = (
				4D701B862463C1D300CFB314 /* Business */,
				4D701B852463C1CA00CFB314 /* Common */,
				4D701B842463C1A100CFB314 /* Model */,
				4D701B822463C18A00CFB314 /* Modules */,
				4D701B812463C17700CFB314 /* Service */,
				4D701B512463BF9100CFB314 /* AppDelegate.swift */,
				4D701B532463BF9100CFB314 /* SceneDelegate.swift */,
				4D701B5A2463BF9300CFB314 /* Assets.xcassets */,
				4D701BA92464781900CFB314 /* Main.storyboard */,
				4D701B5C2463BF9300CFB314 /* LaunchScreen.storyboard */,
				4D701B5F2463BF9300CFB314 /* Info.plist */,
				4D701BAB24647BFD00CFB314 /* extension.swift */,
			);
			path = Frame.io;
			sourceTree = "<group>";
		};
		4D701B672463BF9300CFB314 /* Frame.ioTests */ = {
			isa = PBXGroup;
			children = (
				4D701B682463BF9300CFB314 /* Frame_ioTests.swift */,
				4D701B6A2463BF9300CFB314 /* Info.plist */,
			);
			path = Frame.ioTests;
			sourceTree = "<group>";
		};
		4D701B722463BF9300CFB314 /* Frame.ioUITests */ = {
			isa = PBXGroup;
			children = (
				4D701B732463BF9300CFB314 /* Frame_ioUITests.swift */,
				4D701B752463BF9300CFB314 /* Info.plist */,
			);
			path = Frame.ioUITests;
			sourceTree = "<group>";
		};
		4D701B812463C17700CFB314 /* Service */ = {
			isa = PBXGroup;
			children = (
				4D701B892463C35A00CFB314 /* ProjectsAPI.swift */,
				4D701B882463C35A00CFB314 /* ProjectServices.swift */,
				4D701B8B2463C35A00CFB314 /* APIHandler.swift */,
				4D701B8A2463C35A00CFB314 /* APILoader.swift */,
				4D701B8C2463C35A00CFB314 /* ServiceConstants.swift */,
			);
			path = Service;
			sourceTree = "<group>";
		};
		4D701B822463C18A00CFB314 /* Modules */ = {
			isa = PBXGroup;
			children = (
				4D701B942463CBCE00CFB314 /* Projects */,
				4D701B872463C30D00CFB314 /* Views */,
			);
			path = Modules;
			sourceTree = "<group>";
		};
		4D701B842463C1A100CFB314 /* Model */ = {
			isa = PBXGroup;
			children = (
				4D701BA724645BAD00CFB314 /* ServiceError.swift */,
				4D701BA1246447FF00CFB314 /* Project.swift */,
			);
			path = Model;
			sourceTree = "<group>";
		};
		4D701B852463C1CA00CFB314 /* Common */ = {
			isa = PBXGroup;
			children = (
				4D701BA424645BA100CFB314 /* AppHelper.swift */,
				4D701BA324645BA100CFB314 /* Reachability.swift */,
			);
			path = Common;
			sourceTree = "<group>";
		};
		4D701B862463C1D300CFB314 /* Business */ = {
			isa = PBXGroup;
			children = (
				4D701B922463CBA800CFB314 /* ProjectBusiness.swift */,
			);
			path = Business;
			sourceTree = "<group>";
		};
		4D701B872463C30D00CFB314 /* Views */ = {
			isa = PBXGroup;
			children = (
				4D701B9F2463D04700CFB314 /* ProjectTableViewCell.swift */,
			);
			path = Views;
			sourceTree = "<group>";
		};
		4D701B942463CBCE00CFB314 /* Projects */ = {
			isa = PBXGroup;
			children = (
				4D701B962463CBFF00CFB314 /* ProjectsContract.swift */,
				4D701B972463CBFF00CFB314 /* ProjectsInteractor.swift */,
				4D701B982463CBFF00CFB314 /* ProjectsPresenter.swift */,
				4D701B992463CC0000CFB314 /* ProjectsRouter.swift */,
				4D701B952463CBFF00CFB314 /* ProjectsViewController.swift */,
			);
			path = Projects;
			sourceTree = "<group>";
		};
/* End PBXGroup section */

/* Begin PBXNativeTarget section */
		4D701B4D2463BF9100CFB314 /* Frame.io */ = {
			isa = PBXNativeTarget;
			buildConfigurationList = 4D701B782463BF9300CFB314 /* Build configuration list for PBXNativeTarget "Frame.io" */;
			buildPhases = (
				4D701B4A2463BF9100CFB314 /* Sources */,
				4D701B4B2463BF9100CFB314 /* Frameworks */,
				4D701B4C2463BF9100CFB314 /* Resources */,
			);
			buildRules = (
			);
			dependencies = (
			);
			name = Frame.io;
			productName = Frame.io;
			productReference = 4D701B4E2463BF9100CFB314 /* Frame.io.app */;
			productType = "com.apple.product-type.application";
		};
		4D701B632463BF9300CFB314 /* Frame.ioTests */ = {
			isa = PBXNativeTarget;
			buildConfigurationList = 4D701B7B2463BF9300CFB314 /* Build configuration list for PBXNativeTarget "Frame.ioTests" */;
			buildPhases = (
				4D701B602463BF9300CFB314 /* Sources */,
				4D701B612463BF9300CFB314 /* Frameworks */,
				4D701B622463BF9300CFB314 /* Resources */,
			);
			buildRules = (
			);
			dependencies = (
				4D701B662463BF9300CFB314 /* PBXTargetDependency */,
			);
			name = Frame.ioTests;
			productName = Frame.ioTests;
			productReference = 4D701B642463BF9300CFB314 /* Frame.ioTests.xctest */;
			productType = "com.apple.product-type.bundle.unit-test";
		};
		4D701B6E2463BF9300CFB314 /* Frame.ioUITests */ = {
			isa = PBXNativeTarget;
			buildConfigurationList = 4D701B7E2463BF9300CFB314 /* Build configuration list for PBXNativeTarget "Frame.ioUITests" */;
			buildPhases = (
				4D701B6B2463BF9300CFB314 /* Sources */,
				4D701B6C2463BF9300CFB314 /* Frameworks */,
				4D701B6D2463BF9300CFB314 /* Resources */,
			);
			buildRules = (
			);
			dependencies = (
				4D701B712463BF9300CFB314 /* PBXTargetDependency */,
			);
			name = Frame.ioUITests;
			productName = Frame.ioUITests;
			productReference = 4D701B6F2463BF9300CFB314 /* Frame.ioUITests.xctest */;
			productType = "com.apple.product-type.bundle.ui-testing";
		};
/* End PBXNativeTarget section */

/* Begin PBXProject section */
		4D701B462463BF9100CFB314 /* Project object */ = {
			isa = PBXProject;
			attributes = {
				LastSwiftUpdateCheck = 1140;
				LastUpgradeCheck = 1140;
				ORGANIZATIONNAME = "Jonathan Green";
				TargetAttributes = {
					4D701B4D2463BF9100CFB314 = {
						CreatedOnToolsVersion = 11.4.1;
					};
					4D701B632463BF9300CFB314 = {
						CreatedOnToolsVersion = 11.4.1;
						TestTargetID = 4D701B4D2463BF9100CFB314;
					};
					4D701B6E2463BF9300CFB314 = {
						CreatedOnToolsVersion = 11.4.1;
						TestTargetID = 4D701B4D2463BF9100CFB314;
					};
				};
			};
			buildConfigurationList = 4D701B492463BF9100CFB314 /* Build configuration list for PBXProject "Frame.io" */;
			compatibilityVersion = "Xcode 9.3";
			developmentRegion = en;
			hasScannedForEncodings = 0;
			knownRegions = (
				en,
				Base,
			);
			mainGroup = 4D701B452463BF9100CFB314;
			productRefGroup = 4D701B4F2463BF9100CFB314 /* Products */;
			projectDirPath = "";
			projectRoot = "";
			targets = (
				4D701B4D2463BF9100CFB314 /* Frame.io */,
				4D701B632463BF9300CFB314 /* Frame.ioTests */,
				4D701B6E2463BF9300CFB314 /* Frame.ioUITests */,
			);
		};
/* End PBXProject section */

/* Begin PBXResourcesBuildPhase section */
		4D701B4C2463BF9100CFB314 /* Resources */ = {
			isa = PBXResourcesBuildPhase;
			buildActionMask = 2147483647;
			files = (
				4D701BAA2464781900CFB314 /* Main.storyboard in Resources */,
				4D701B5E2463BF9300CFB314 /* LaunchScreen.storyboard in Resources */,
				4D701B5B2463BF9300CFB314 /* Assets.xcassets in Resources */,
			);
			runOnlyForDeploymentPostprocessing = 0;
		};
		4D701B622463BF9300CFB314 /* Resources */ = {
			isa = PBXResourcesBuildPhase;
			buildActionMask = 2147483647;
			files = (
			);
			runOnlyForDeploymentPostprocessing = 0;
		};
		4D701B6D2463BF9300CFB314 /* Resources */ = {
			isa = PBXResourcesBuildPhase;
			buildActionMask = 2147483647;
			files = (
			);
			runOnlyForDeploymentPostprocessing = 0;
		};
/* End PBXResourcesBuildPhase section */

/* Begin PBXSourcesBuildPhase section */
		4D701B4A2463BF9100CFB314 /* Sources */ = {
			isa = PBXSourcesBuildPhase;
			buildActionMask = 2147483647;
			files = (
				4D701B902463C35A00CFB314 /* APIHandler.swift in Sources */,
				4D701BA02463D04700CFB314 /* ProjectTableViewCell.swift in Sources */,
				4D701B8D2463C35A00CFB314 /* ProjectServices.swift in Sources */,
				4D701B522463BF9100CFB314 /* AppDelegate.swift in Sources */,
				4D701B9E2463CC0000CFB314 /* ProjectsRouter.swift in Sources */,
				4D701BA524645BA100CFB314 /* Reachability.swift in Sources */,
				4D701B9A2463CC0000CFB314 /* ProjectsViewController.swift in Sources */,
				4D701B9B2463CC0000CFB314 /* ProjectsContract.swift in Sources */,
				4D701B9C2463CC0000CFB314 /* ProjectsInteractor.swift in Sources */,
				4D701B542463BF9100CFB314 /* SceneDelegate.swift in Sources */,
				4D701B9D2463CC0000CFB314 /* ProjectsPresenter.swift in Sources */,
				4D701BAC24647BFD00CFB314 /* extension.swift in Sources */,
				4D701BA824645BAD00CFB314 /* ServiceError.swift in Sources */,
				4D701B8E2463C35A00CFB314 /* ProjectsAPI.swift in Sources */,
				4D701BA624645BA100CFB314 /* AppHelper.swift in Sources */,
				4D701B8F2463C35A00CFB314 /* APILoader.swift in Sources */,
				4D701B912463C35A00CFB314 /* ServiceConstants.swift in Sources */,
				4D701B932463CBA800CFB314 /* ProjectBusiness.swift in Sources */,
				4D701BA2246447FF00CFB314 /* Project.swift in Sources */,
			);
			runOnlyForDeploymentPostprocessing = 0;
		};
		4D701B602463BF9300CFB314 /* Sources */ = {
			isa = PBXSourcesBuildPhase;
			buildActionMask = 2147483647;
			files = (
				4D701B692463BF9300CFB314 /* Frame_ioTests.swift in Sources */,
			);
			runOnlyForDeploymentPostprocessing = 0;
		};
		4D701B6B2463BF9300CFB314 /* Sources */ = {
			isa = PBXSourcesBuildPhase;
			buildActionMask = 2147483647;
			files = (
				4D701B742463BF9300CFB314 /* Frame_ioUITests.swift in Sources */,
			);
			runOnlyForDeploymentPostprocessing = 0;
		};
/* End PBXSourcesBuildPhase section */

/* Begin PBXTargetDependency section */
		4D701B662463BF9300CFB314 /* PBXTargetDependency */ = {
			isa = PBXTargetDependency;
			target = 4D701B4D2463BF9100CFB314 /* Frame.io */;
			targetProxy = 4D701B652463BF9300CFB314 /* PBXContainerItemProxy */;
		};
		4D701B712463BF9300CFB314 /* PBXTargetDependency */ = {
			isa = PBXTargetDependency;
			target = 4D701B4D2463BF9100CFB314 /* Frame.io */;
			targetProxy = 4D701B702463BF9300CFB314 /* PBXContainerItemProxy */;
		};
/* End PBXTargetDependency section */

/* Begin PBXVariantGroup section */
		4D701B5C2463BF9300CFB314 /* LaunchScreen.storyboard */ = {
			isa = PBXVariantGroup;
			children = (
				4D701B5D2463BF9300CFB314 /* Base */,
			);
			name = LaunchScreen.storyboard;
			sourceTree = "<group>";
		};
/* End PBXVariantGroup section */

/* Begin XCBuildConfiguration section */
		4D701B762463BF9300CFB314 /* Debug */ = {
			isa = XCBuildConfiguration;
			buildSettings = {
				ALWAYS_SEARCH_USER_PATHS = NO;
				CLANG_ANALYZER_NONNULL = YES;
				CLANG_ANALYZER_NUMBER_OBJECT_CONVERSION = YES_AGGRESSIVE;
				CLANG_CXX_LANGUAGE_STANDARD = "gnu++14";
				CLANG_CXX_LIBRARY = "libc++";
				CLANG_ENABLE_MODULES = YES;
				CLANG_ENABLE_OBJC_ARC = YES;
				CLANG_ENABLE_OBJC_WEAK = YES;
				CLANG_WARN_BLOCK_CAPTURE_AUTORELEASING = YES;
				CLANG_WARN_BOOL_CONVERSION = YES;
				CLANG_WARN_COMMA = YES;
				CLANG_WARN_CONSTANT_CONVERSION = YES;
				CLANG_WARN_DEPRECATED_OBJC_IMPLEMENTATIONS = YES;
				CLANG_WARN_DIRECT_OBJC_ISA_USAGE = YES_ERROR;
				CLANG_WARN_DOCUMENTATION_COMMENTS = YES;
				CLANG_WARN_EMPTY_BODY = YES;
				CLANG_WARN_ENUM_CONVERSION = YES;
				CLANG_WARN_INFINITE_RECURSION = YES;
				CLANG_WARN_INT_CONVERSION = YES;
				CLANG_WARN_NON_LITERAL_NULL_CONVERSION = YES;
				CLANG_WARN_OBJC_IMPLICIT_RETAIN_SELF = YES;
				CLANG_WARN_OBJC_LITERAL_CONVERSION = YES;
				CLANG_WARN_OBJC_ROOT_CLASS = YES_ERROR;
				CLANG_WARN_RANGE_LOOP_ANALYSIS = YES;
				CLANG_WARN_STRICT_PROTOTYPES = YES;
				CLANG_WARN_SUSPICIOUS_MOVE = YES;
				CLANG_WARN_UNGUARDED_AVAILABILITY = YES_AGGRESSIVE;
				CLANG_WARN_UNREACHABLE_CODE = YES;
				CLANG_WARN__DUPLICATE_METHOD_MATCH = YES;
				COPY_PHASE_STRIP = NO;
				DEBUG_INFORMATION_FORMAT = dwarf;
				ENABLE_STRICT_OBJC_MSGSEND = YES;
				ENABLE_TESTABILITY = YES;
				GCC_C_LANGUAGE_STANDARD = gnu11;
				GCC_DYNAMIC_NO_PIC = NO;
				GCC_NO_COMMON_BLOCKS = YES;
				GCC_OPTIMIZATION_LEVEL = 0;
				GCC_PREPROCESSOR_DEFINITIONS = (
					"DEBUG=1",
					"$(inherited)",
				);
				GCC_WARN_64_TO_32_BIT_CONVERSION = YES;
				GCC_WARN_ABOUT_RETURN_TYPE = YES_ERROR;
				GCC_WARN_UNDECLARED_SELECTOR = YES;
				GCC_WARN_UNINITIALIZED_AUTOS = YES_AGGRESSIVE;
				GCC_WARN_UNUSED_FUNCTION = YES;
				GCC_WARN_UNUSED_VARIABLE = YES;
				IPHONEOS_DEPLOYMENT_TARGET = 13.4;
				MTL_ENABLE_DEBUG_INFO = INCLUDE_SOURCE;
				MTL_FAST_MATH = YES;
				ONLY_ACTIVE_ARCH = YES;
				SDKROOT = iphoneos;
				SWIFT_ACTIVE_COMPILATION_CONDITIONS = DEBUG;
				SWIFT_OPTIMIZATION_LEVEL = "-Onone";
			};
			name = Debug;
		};
		4D701B772463BF9300CFB314 /* Release */ = {
			isa = XCBuildConfiguration;
			buildSettings = {
				ALWAYS_SEARCH_USER_PATHS = NO;
				CLANG_ANALYZER_NONNULL = YES;
				CLANG_ANALYZER_NUMBER_OBJECT_CONVERSION = YES_AGGRESSIVE;
				CLANG_CXX_LANGUAGE_STANDARD = "gnu++14";
				CLANG_CXX_LIBRARY = "libc++";
				CLANG_ENABLE_MODULES = YES;
				CLANG_ENABLE_OBJC_ARC = YES;
				CLANG_ENABLE_OBJC_WEAK = YES;
				CLANG_WARN_BLOCK_CAPTURE_AUTORELEASING = YES;
				CLANG_WARN_BOOL_CONVERSION = YES;
				CLANG_WARN_COMMA = YES;
				CLANG_WARN_CONSTANT_CONVERSION = YES;
				CLANG_WARN_DEPRECATED_OBJC_IMPLEMENTATIONS = YES;
				CLANG_WARN_DIRECT_OBJC_ISA_USAGE = YES_ERROR;
				CLANG_WARN_DOCUMENTATION_COMMENTS = YES;
				CLANG_WARN_EMPTY_BODY = YES;
				CLANG_WARN_ENUM_CONVERSION = YES;
				CLANG_WARN_INFINITE_RECURSION = YES;
				CLANG_WARN_INT_CONVERSION = YES;
				CLANG_WARN_NON_LITERAL_NULL_CONVERSION = YES;
				CLANG_WARN_OBJC_IMPLICIT_RETAIN_SELF = YES;
				CLANG_WARN_OBJC_LITERAL_CONVERSION = YES;
				CLANG_WARN_OBJC_ROOT_CLASS = YES_ERROR;
				CLANG_WARN_RANGE_LOOP_ANALYSIS = YES;
				CLANG_WARN_STRICT_PROTOTYPES = YES;
				CLANG_WARN_SUSPICIOUS_MOVE = YES;
				CLANG_WARN_UNGUARDED_AVAILABILITY = YES_AGGRESSIVE;
				CLANG_WARN_UNREACHABLE_CODE = YES;
				CLANG_WARN__DUPLICATE_METHOD_MATCH = YES;
				COPY_PHASE_STRIP = NO;
				DEBUG_INFORMATION_FORMAT = "dwarf-with-dsym";
				ENABLE_NS_ASSERTIONS = NO;
				ENABLE_STRICT_OBJC_MSGSEND = YES;
				GCC_C_LANGUAGE_STANDARD = gnu11;
				GCC_NO_COMMON_BLOCKS = YES;
				GCC_WARN_64_TO_32_BIT_CONVERSION = YES;
				GCC_WARN_ABOUT_RETURN_TYPE = YES_ERROR;
				GCC_WARN_UNDECLARED_SELECTOR = YES;
				GCC_WARN_UNINITIALIZED_AUTOS = YES_AGGRESSIVE;
				GCC_WARN_UNUSED_FUNCTION = YES;
				GCC_WARN_UNUSED_VARIABLE = YES;
				IPHONEOS_DEPLOYMENT_TARGET = 13.4;
				MTL_ENABLE_DEBUG_INFO = NO;
				MTL_FAST_MATH = YES;
				SDKROOT = iphoneos;
				SWIFT_COMPILATION_MODE = wholemodule;
				SWIFT_OPTIMIZATION_LEVEL = "-O";
				VALIDATE_PRODUCT = YES;
			};
			name = Release;
		};
		4D701B792463BF9300CFB314 /* Debug */ = {
			isa = XCBuildConfiguration;
			buildSettings = {
				ASSETCATALOG_COMPILER_APPICON_NAME = AppIcon;
				CODE_SIGN_STYLE = Automatic;
				GCC_PREPROCESSOR_DEFINITIONS = "";
				INFOPLIST_FILE = Frame.io/Info.plist;
				LD_RUNPATH_SEARCH_PATHS = (
					"$(inherited)",
					"@executable_path/Frameworks",
				);
				PRODUCT_BUNDLE_IDENTIFIER = "boomer.Frame-io";
				PRODUCT_NAME = "$(TARGET_NAME)";
				SWIFT_VERSION = 5.0;
				TARGETED_DEVICE_FAMILY = "1,2";
			};
			name = Debug;
		};
		4D701B7A2463BF9300CFB314 /* Release */ = {
			isa = XCBuildConfiguration;
			buildSettings = {
				ASSETCATALOG_COMPILER_APPICON_NAME = AppIcon;
				CODE_SIGN_STYLE = Automatic;
				GCC_PREPROCESSOR_DEFINITIONS = "";
				INFOPLIST_FILE = Frame.io/Info.plist;
				LD_RUNPATH_SEARCH_PATHS = (
					"$(inherited)",
					"@executable_path/Frameworks",
				);
				PRODUCT_BUNDLE_IDENTIFIER = "boomer.Frame-io";
				PRODUCT_NAME = "$(TARGET_NAME)";
				SWIFT_VERSION = 5.0;
				TARGETED_DEVICE_FAMILY = "1,2";
			};
			name = Release;
		};
		4D701B7C2463BF9300CFB314 /* Debug */ = {
			isa = XCBuildConfiguration;
			buildSettings = {
				ALWAYS_EMBED_SWIFT_STANDARD_LIBRARIES = YES;
				BUNDLE_LOADER = "$(TEST_HOST)";
				CODE_SIGN_STYLE = Automatic;
				INFOPLIST_FILE = Frame.ioTests/Info.plist;
				IPHONEOS_DEPLOYMENT_TARGET = 13.4;
				LD_RUNPATH_SEARCH_PATHS = (
					"$(inherited)",
					"@executable_path/Frameworks",
					"@loader_path/Frameworks",
				);
				PRODUCT_BUNDLE_IDENTIFIER = "boomer.Frame-ioTests";
				PRODUCT_NAME = "$(TARGET_NAME)";
				SWIFT_VERSION = 5.0;
				TARGETED_DEVICE_FAMILY = "1,2";
				TEST_HOST = "$(BUILT_PRODUCTS_DIR)/Frame.io.app/Frame.io";
			};
			name = Debug;
		};
		4D701B7D2463BF9300CFB314 /* Release */ = {
			isa = XCBuildConfiguration;
			buildSettings = {
				ALWAYS_EMBED_SWIFT_STANDARD_LIBRARIES = YES;
				BUNDLE_LOADER = "$(TEST_HOST)";
				CODE_SIGN_STYLE = Automatic;
				INFOPLIST_FILE = Frame.ioTests/Info.plist;
				IPHONEOS_DEPLOYMENT_TARGET = 13.4;
				LD_RUNPATH_SEARCH_PATHS = (
					"$(inherited)",
					"@executable_path/Frameworks",
					"@loader_path/Frameworks",
				);
				PRODUCT_BUNDLE_IDENTIFIER = "boomer.Frame-ioTests";
				PRODUCT_NAME = "$(TARGET_NAME)";
				SWIFT_VERSION = 5.0;
				TARGETED_DEVICE_FAMILY = "1,2";
				TEST_HOST = "$(BUILT_PRODUCTS_DIR)/Frame.io.app/Frame.io";
			};
			name = Release;
		};
		4D701B7F2463BF9300CFB314 /* Debug */ = {
			isa = XCBuildConfiguration;
			buildSettings = {
				ALWAYS_EMBED_SWIFT_STANDARD_LIBRARIES = YES;
				CODE_SIGN_STYLE = Automatic;
				INFOPLIST_FILE = Frame.ioUITests/Info.plist;
				LD_RUNPATH_SEARCH_PATHS = (
					"$(inherited)",
					"@executable_path/Frameworks",
					"@loader_path/Frameworks",
				);
				PRODUCT_BUNDLE_IDENTIFIER = "boomer.Frame-ioUITests";
				PRODUCT_NAME = "$(TARGET_NAME)";
				SWIFT_VERSION = 5.0;
				TARGETED_DEVICE_FAMILY = "1,2";
				TEST_TARGET_NAME = Frame.io;
			};
			name = Debug;
		};
		4D701B802463BF9300CFB314 /* Release */ = {
			isa = XCBuildConfiguration;
			buildSettings = {
				ALWAYS_EMBED_SWIFT_STANDARD_LIBRARIES = YES;
				CODE_SIGN_STYLE = Automatic;
				INFOPLIST_FILE = Frame.ioUITests/Info.plist;
				LD_RUNPATH_SEARCH_PATHS = (
					"$(inherited)",
					"@executable_path/Frameworks",
					"@loader_path/Frameworks",
				);
				PRODUCT_BUNDLE_IDENTIFIER = "boomer.Frame-ioUITests";
				PRODUCT_NAME = "$(TARGET_NAME)";
				SWIFT_VERSION = 5.0;
				TARGETED_DEVICE_FAMILY = "1,2";
				TEST_TARGET_NAME = Frame.io;
			};
			name = Release;
		};
/* End XCBuildConfiguration section */

/* Begin XCConfigurationList section */
		4D701B492463BF9100CFB314 /* Build configuration list for PBXProject "Frame.io" */ = {
			isa = XCConfigurationList;
			buildConfigurations = (
				4D701B762463BF9300CFB314 /* Debug */,
				4D701B772463BF9300CFB314 /* Release */,
			);
			defaultConfigurationIsVisible = 0;
			defaultConfigurationName = Release;
		};
		4D701B782463BF9300CFB314 /* Build configuration list for PBXNativeTarget "Frame.io" */ = {
			isa = XCConfigurationList;
			buildConfigurations = (
				4D701B792463BF9300CFB314 /* Debug */,
				4D701B7A2463BF9300CFB314 /* Release */,
			);
			defaultConfigurationIsVisible = 0;
			defaultConfigurationName = Release;
		};
		4D701B7B2463BF9300CFB314 /* Build configuration list for PBXNativeTarget "Frame.ioTests" */ = {
			isa = XCConfigurationList;
			buildConfigurations = (
				4D701B7C2463BF9300CFB314 /* Debug */,
				4D701B7D2463BF9300CFB314 /* Release */,
			);
			defaultConfigurationIsVisible = 0;
			defaultConfigurationName = Release;
		};
		4D701B7E2463BF9300CFB314 /* Build configuration list for PBXNativeTarget "Frame.ioUITests" */ = {
			isa = XCConfigurationList;
			buildConfigurations = (
				4D701B7F2463BF9300CFB314 /* Debug */,
				4D701B802463BF9300CFB314 /* Release */,
			);
			defaultConfigurationIsVisible = 0;
			defaultConfigurationName = Release;
		};
/* End XCConfigurationList section */
	};
	rootObject = 4D701B462463BF9100CFB314 /* Project object */;
}
